
Microsoft Visual Studio Solution File, Format Version 12.00
# Visual Studio Version 17
VisualStudioVersion = 17.9.34723.18
MinimumVisualStudioVersion = 10.0.40219.1
Project("{FAE04EC0-301F-11D3-BF4B-00C04F79EFBC}") = "Conditional Statement", "Conditional Statement\Conditional Statement.csproj", "{57CE59C7-5B71-477A-9DD3-AD169341C667}"
EndProject
Global
	GlobalSection(SolutionConfigurationPlatforms) = preSolution
		Debug|Any CPU = Debug|Any CPU
		Release|Any CPU = Release|Any CPU
	EndGlobalSection
	GlobalSection(ProjectConfigurationPlatforms) = postSolution
		{57CE59C7-5B71-477A-9DD3-AD169341C667}.Debug|Any CPU.ActiveCfg = Debug|Any CPU
		{57CE59C7-5B71-477A-9DD3-AD169341C667}.Debug|Any CPU.Build.0 = Debug|Any CPU
		{57CE59C7-5B71-477A-9DD3-AD169341C667}.Release|Any CPU.ActiveCfg = Release|Any CPU
		{57CE59C7-5B71-477A-9DD3-AD169341C667}.Release|Any CPU.Build.0 = Release|Any CPU
	EndGlobalSection
	GlobalSection(SolutionProperties) = preSolution
		HideSolutionNode = FALSE
	EndGlobalSection
	GlobalSection(ExtensibilityGlobals) = postSolution
		SolutionGuid = {6BB1D83E-5ACB-4582-A8D6-39B982416F02}
	EndGlobalSection
EndGlobal
